{
  "name": "Algorithm",
  "lockfileVersion": 3,
  "requires": true,
  "packages": {
    "": {
      "dependencies": {
        "@notionhq/client": "^5.25.2"
      }
    },
    "node_modules/@notionhq/client": {
      "version": "5.25.2",
      "resolved": "https://registry.npmjs.org/@notionhq/client/-/client-5.25.2.tgz",
      "integrity": "sha512-kbaCZxiTxuWS7nTP29s3q9qbfMGd4cyfjMMdpVr7vK7SuB+0C6zBAP1sw8Gx/HKa+giWGnReuFovamN696Qy8w==",
      "license": "MIT",
      "engines": {
        "node": ">=18"
      }
    }
  }
}
